
Microsoft Visual Studio Solution File, Format Version 11.00
# Visual Studio 2010
Project("{FAE04EC0-301F-11D3-BF4B-00C04F79EFBC}") = "Test.MB.Tools.MetaProperties", "Test.MB.Tools.MetaProperties\Test.MB.Tools.MetaProperties.csproj", "{71BA1A7E-B141-4B95-9B8A-702EA998A98A}"
EndProject
Project("{2150E333-8FDC-42A3-9474-1A3956D46DE8}") = "Solution Items", "Solution Items", "{B07034F8-BB9D-4BC8-B05E-9D365C540869}"
	ProjectSection(SolutionItems) = preProject
		..\_Temporal_OLD.cs = ..\_Temporal_OLD.cs
	EndProjectSection
EndProject
Project("{FAE04EC0-301F-11D3-BF4B-00C04F79EFBC}") = "MB.Tools.MetaProperties", "..\MB.Tools.MetaProperties\MB.Tools.MetaProperties.csproj", "{BB95B35B-4CDC-4FB1-8C36-006ACBBFFBBB}"
EndProject
Global
	GlobalSection(SolutionConfigurationPlatforms) = preSolution
		Debug|Any CPU = Debug|Any CPU
		Debug|Mixed Platforms = Debug|Mixed Platforms
		Debug|x86 = Debug|x86
		Release|Any CPU = Release|Any CPU
		Release|Mixed Platforms = Release|Mixed Platforms
		Release|x86 = Release|x86
	EndGlobalSection
	GlobalSection(ProjectConfigurationPlatforms) = postSolution
		{71BA1A7E-B141-4B95-9B8A-702EA998A98A}.Debug|Any CPU.ActiveCfg = Debug|x86
		{71BA1A7E-B141-4B95-9B8A-702EA998A98A}.Debug|Mixed Platforms.ActiveCfg = Debug|x86
		{71BA1A7E-B141-4B95-9B8A-702EA998A98A}.Debug|Mixed Platforms.Build.0 = Debug|x86
		{71BA1A7E-B141-4B95-9B8A-702EA998A98A}.Debug|x86.ActiveCfg = Debug|x86
		{71BA1A7E-B141-4B95-9B8A-702EA998A98A}.Debug|x86.Build.0 = Debug|x86
		{71BA1A7E-B141-4B95-9B8A-702EA998A98A}.Release|Any CPU.ActiveCfg = Release|x86
		{71BA1A7E-B141-4B95-9B8A-702EA998A98A}.Release|Mixed Platforms.ActiveCfg = Release|x86
		{71BA1A7E-B141-4B95-9B8A-702EA998A98A}.Release|Mixed Platforms.Build.0 = Release|x86
		{71BA1A7E-B141-4B95-9B8A-702EA998A98A}.Release|x86.ActiveCfg = Release|x86
		{71BA1A7E-B141-4B95-9B8A-702EA998A98A}.Release|x86.Build.0 = Release|x86
		{BB95B35B-4CDC-4FB1-8C36-006ACBBFFBBB}.Debug|Any CPU.ActiveCfg = Debug|Any CPU
		{BB95B35B-4CDC-4FB1-8C36-006ACBBFFBBB}.Debug|Any CPU.Build.0 = Debug|Any CPU
		{BB95B35B-4CDC-4FB1-8C36-006ACBBFFBBB}.Debug|Mixed Platforms.ActiveCfg = Debug|Any CPU
		{BB95B35B-4CDC-4FB1-8C36-006ACBBFFBBB}.Debug|Mixed Platforms.Build.0 = Debug|Any CPU
		{BB95B35B-4CDC-4FB1-8C36-006ACBBFFBBB}.Debug|x86.ActiveCfg = Debug|Any CPU
		{BB95B35B-4CDC-4FB1-8C36-006ACBBFFBBB}.Release|Any CPU.ActiveCfg = Release|Any CPU
		{BB95B35B-4CDC-4FB1-8C36-006ACBBFFBBB}.Release|Any CPU.Build.0 = Release|Any CPU
		{BB95B35B-4CDC-4FB1-8C36-006ACBBFFBBB}.Release|Mixed Platforms.ActiveCfg = Release|Any CPU
		{BB95B35B-4CDC-4FB1-8C36-006ACBBFFBBB}.Release|Mixed Platforms.Build.0 = Release|Any CPU
		{BB95B35B-4CDC-4FB1-8C36-006ACBBFFBBB}.Release|x86.ActiveCfg = Release|Any CPU
	EndGlobalSection
	GlobalSection(SolutionProperties) = preSolution
		HideSolutionNode = FALSE
	EndGlobalSection
EndGlobal
